
Microsoft Visual Studio Solution File, Format Version 12.00
# Visual Studio Version 16
VisualStudioVersion = 16.0.33027.164
MinimumVisualStudioVersion = 10.0.40219.1
Project("{9A19103F-16F7-4668-BE54-9A1E7A4F7556}") = "EmployeeManagement.Models", "EmployeeManagement.Models\EmployeeManagement.Models.csproj", "{6F492417-9EDB-496F-809A-357FEC557C87}"
EndProject
Project("{9A19103F-16F7-4668-BE54-9A1E7A4F7556}") = "EmployeeManagement.Web", "EmployeeManagement.Web\EmployeeManagement.Web.csproj", "{92AF75B0-75DE-459C-9BA5-B7209D5EBF86}"
EndProject
Project("{FAE04EC0-301F-11D3-BF4B-00C04F79EFBC}") = "Employemanagement.Api", "Employemanagement.Api\Employemanagement.Api.csproj", "{0E573375-3B3A-46EA-BD86-B666C724E1FF}"
EndProject
Global
	GlobalSection(SolutionConfigurationPlatforms) = preSolution
		Debug|Any CPU = Debug|Any CPU
		Release|Any CPU = Release|Any CPU
	EndGlobalSection
	GlobalSection(ProjectConfigurationPlatforms) = postSolution
		{6F492417-9EDB-496F-809A-357FEC557C87}.Debug|Any CPU.ActiveCfg = Debug|Any CPU
		{6F492417-9EDB-496F-809A-357FEC557C87}.Debug|Any CPU.Build.0 = Debug|Any CPU
		{6F492417-9EDB-496F-809A-357FEC557C87}.Release|Any CPU.ActiveCfg = Release|Any CPU
		{6F492417-9EDB-496F-809A-357FEC557C87}.Release|Any CPU.Build.0 = Release|Any CPU
		{92AF75B0-75DE-459C-9BA5-B7209D5EBF86}.Debug|Any CPU.ActiveCfg = Debug|Any CPU
		{92AF75B0-75DE-459C-9BA5-B7209D5EBF86}.Debug|Any CPU.Build.0 = Debug|Any CPU
		{92AF75B0-75DE-459C-9BA5-B7209D5EBF86}.Release|Any CPU.ActiveCfg = Release|Any CPU
		{92AF75B0-75DE-459C-9BA5-B7209D5EBF86}.Release|Any CPU.Build.0 = Release|Any CPU
		{0E573375-3B3A-46EA-BD86-B666C724E1FF}.Debug|Any CPU.ActiveCfg = Debug|Any CPU
		{0E573375-3B3A-46EA-BD86-B666C724E1FF}.Debug|Any CPU.Build.0 = Debug|Any CPU
		{0E573375-3B3A-46EA-BD86-B666C724E1FF}.Release|Any CPU.ActiveCfg = Release|Any CPU
		{0E573375-3B3A-46EA-BD86-B666C724E1FF}.Release|Any CPU.Build.0 = Release|Any CPU
	EndGlobalSection
	GlobalSection(SolutionProperties) = preSolution
		HideSolutionNode = FALSE
	EndGlobalSection
	GlobalSection(ExtensibilityGlobals) = postSolution
		SolutionGuid = {73F1BF7E-37B1-4E9E-B353-5329567B30C5}
	EndGlobalSection
EndGlobal
